
Microsoft Visual Studio Solution File, Format Version 12.00
# Visual Studio Version 17
VisualStudioVersion = 17.14.36623.8
MinimumVisualStudioVersion = 10.0.40219.1
Project("{FAE04EC0-301F-11D3-BF4B-00C04F79EFBC}") = "FtpRxtoJsonService", "FtpRxtoJsonService\FtpRxtoJsonService.csproj", "{DE9E09F4-8101-4F6B-985A-1A0C4299079B}"
EndProject
Project("{911E67C6-3D85-4FCE-B560-20A9C3E3FF48}") = "setup", "SetupRxtoJson\Release\setup.exe", "{60EB953A-CD6C-AA17-D85C-75824EEAD2C9}"
	ProjectSection(DebuggerProjectSystem) = preProject
		PortSupplier = 00000000-0000-0000-0000-000000000000
		Executable = C:\Users\luis3\OneDrive\Documentos\Visual Studio 2022\PVC\FtpRxtoJsonService\SetupRxtoJson\Release\setup.exe
		RemoteMachine = DESKTOP-J4U2VS9
		StartingDirectory = C:\Users\luis3\OneDrive\Documentos\Visual Studio 2022\PVC\FtpRxtoJsonService\SetupRxtoJson\Release
		Environment = Predeterminado
		LaunchingEngine = 00000000-0000-0000-0000-000000000000
		UseLegacyDebugEngines = No
		LaunchSQLEngine = No
		AttachLaunchAction = No
		IORedirection = Auto
	EndProjectSection
EndProject
Project("{54435603-DBB4-11D2-8724-00A0C9A8B90C}") = "SetupRxtoJson", "SetupRxtoJson\SetupRxtoJson.vdproj", "{B5142304-B4A8-2D26-391F-70BA993EDCFF}"
EndProject
Global
	GlobalSection(SolutionConfigurationPlatforms) = preSolution
		Debug|Any CPU = Debug|Any CPU
		Debug|x86 = Debug|x86
		Release|Any CPU = Release|Any CPU
		Release|x86 = Release|x86
	EndGlobalSection
	GlobalSection(ProjectConfigurationPlatforms) = postSolution
		{DE9E09F4-8101-4F6B-985A-1A0C4299079B}.Debug|Any CPU.ActiveCfg = Debug|Any CPU
		{DE9E09F4-8101-4F6B-985A-1A0C4299079B}.Debug|Any CPU.Build.0 = Debug|Any CPU
		{DE9E09F4-8101-4F6B-985A-1A0C4299079B}.Debug|x86.ActiveCfg = Debug|Any CPU
		{DE9E09F4-8101-4F6B-985A-1A0C4299079B}.Debug|x86.Build.0 = Debug|Any CPU
		{DE9E09F4-8101-4F6B-985A-1A0C4299079B}.Release|Any CPU.ActiveCfg = Release|Any CPU
		{DE9E09F4-8101-4F6B-985A-1A0C4299079B}.Release|Any CPU.Build.0 = Release|Any CPU
		{DE9E09F4-8101-4F6B-985A-1A0C4299079B}.Release|x86.ActiveCfg = Release|Any CPU
		{DE9E09F4-8101-4F6B-985A-1A0C4299079B}.Release|x86.Build.0 = Release|Any CPU
		{60EB953A-CD6C-AA17-D85C-75824EEAD2C9}.Debug|Any CPU.ActiveCfg = Release|x86
		{60EB953A-CD6C-AA17-D85C-75824EEAD2C9}.Debug|x86.ActiveCfg = Release|x86
		{60EB953A-CD6C-AA17-D85C-75824EEAD2C9}.Release|Any CPU.ActiveCfg = Release|x86
		{60EB953A-CD6C-AA17-D85C-75824EEAD2C9}.Release|x86.ActiveCfg = Release|x86
		{B5142304-B4A8-2D26-391F-70BA993EDCFF}.Debug|Any CPU.ActiveCfg = Debug
		{B5142304-B4A8-2D26-391F-70BA993EDCFF}.Debug|x86.ActiveCfg = Debug
		{B5142304-B4A8-2D26-391F-70BA993EDCFF}.Release|Any CPU.ActiveCfg = Release
		{B5142304-B4A8-2D26-391F-70BA993EDCFF}.Release|x86.ActiveCfg = Release
	EndGlobalSection
	GlobalSection(SolutionProperties) = preSolution
		HideSolutionNode = FALSE
	EndGlobalSection
	GlobalSection(ExtensibilityGlobals) = postSolution
		SolutionGuid = {2023EBA7-E86F-42A8-AAFB-6816C8A67A4D}
	EndGlobalSection
EndGlobal
